# THIS IS AN AUTOGENERATED FILE. DO NOT EDIT THIS FILE DIRECTLY.
# yarn lockfile v1


"@types/node@^13.9.8":
  version "13.13.52"
  resolved "https://registry.yarnpkg.com/@types/node/-/node-13.13.52.tgz#03c13be70b9031baaed79481c0c0cfb0045e53f7"
  integrity sha512-s3nugnZumCC//n4moGGe6tkNMyYEdaDBitVjwPxXmR5lnMG5dHePinH2EdxkG3Rh1ghFHHixAG4NJhpJW1rthQ==

"@types/prop-types@*":
  version "15.7.4"
  resolved "https://registry.yarnpkg.com/@types/prop-types/-/prop-types-15.7.4.tgz#fcf7205c25dff795ee79af1e30da2c9790808f11"
  integrity sha512-rZ5drC/jWjrArrS8BR6SIr4cWpW09RNTYt9AMZo3Jwwif+iacXAqgVjm0B0Bv/S1jhDXKHqRVNCbACkJ89RAnQ==

"@types/react@^16.9.31":
  version "16.14.23"
  resolved "https://registry.yarnpkg.com/@types/react/-/react-16.14.23.tgz#37201b9f2324c5ff8fa4600dbf19079dfdffc880"
  integrity sha512-WngBZLuSkP4IAgPi0HOsGCHo6dn3CcuLQnCfC17VbA7YBgipZiZoTOhObwl/93DsFW0Y2a/ZXeonpW4DxirEJg==
  dependencies:
    "@types/prop-types" "*"
    "@types/scheduler" "*"
    csstype "^3.0.2"

"@types/scheduler@*":
  version "0.16.2"
  resolved "https://registry.yarnpkg.com/@types/scheduler/-/scheduler-0.16.2.tgz#1a62f89525723dde24ba1b01b092bf5df8ad4d39"
  integrity sha512-hppQEBDmlwhFAXKJX2KnWLYu5yMfi91yazPb2l+lbJiwW+wdo1gNeRA+3RgNSO39WYX2euey41KEwnqesU2Jew==

"@vtex/tsconfig@^0.6.0":
  version "0.6.0"
  resolved "https://registry.yarnpkg.com/@vtex/tsconfig/-/tsconfig-0.6.0.tgz#c9dfffc95d2ef55195237411f9c15269ca30b2a5"
  integrity sha512-SVQBxaSdEVdpJFja1aVTIiZBgpQKePyYOUWGzcYq6LYkSWqSbz2LoC7TuLUsmfweYmVkv8+4eVuxcDpQVEpq1A==

csstype@^3.0.2:
  version "3.0.10"
  resolved "https://registry.yarnpkg.com/csstype/-/csstype-3.0.10.tgz#2ad3a7bed70f35b965707c092e5f30b327c290e5"
  integrity sha512-2u44ZG2OcNUO9HDp/Jl8C07x6pU/eTR3ncV91SiK3dhG9TWvRVsCoJw14Ckx5DgWkzGA3waZWO3d7pgqpUI/XA==

typescript@3.9.7:
  version "3.9.7"
  resolved "https://registry.yarnpkg.com/typescript/-/typescript-3.9.7.tgz#98d600a5ebdc38f40cb277522f12dc800e9e25fa"
  integrity sha512-BLbiRkiBzAwsjut4x/dsibSTB6yWpwT5qWmC2OfuCg3GgVQCSgMs4vEctYPhsaGtd0AeuuHMkjZ2h2WG8MSzRw==

"vtex.admin-customers@http://vtex.vtexassets.com/_v/public/typings/v1/vtex.admin-customers@2.15.1/public/@types/vtex.admin-customers":
  version "2.15.1"
  resolved "http://vtex.vtexassets.com/_v/public/typings/v1/vtex.admin-customers@2.15.1/public/@types/vtex.admin-customers#39267fc3844ae49c4cafb81f363c9c363bc2216d"

"vtex.b2b-checkout-settings@http://vtex.vtexassets.com/_v/public/typings/v1/vtex.b2b-checkout-settings@1.2.0/public/@types/vtex.b2b-checkout-settings":
  version "1.2.0"
  resolved "http://vtex.vtexassets.com/_v/public/typings/v1/vtex.b2b-checkout-settings@1.2.0/public/@types/vtex.b2b-checkout-settings#f8c5eb00a24c90fcb8a084bd57345ca523db98ce"

"vtex.b2b-orders-history@http://vtex.vtexassets.com/_v/public/typings/v1/vtex.b2b-orders-history@0.0.3/public/@types/vtex.b2b-orders-history":
  version "0.0.3"
  resolved "http://vtex.vtexassets.com/_v/public/typings/v1/vtex.b2b-orders-history@0.0.3/public/@types/vtex.b2b-orders-history#9e353241f4f05138e45053ffcb301c88c4776a0a"

"vtex.b2b-organizations@http://vtex.vtexassets.com/_v/public/typings/v1/vtex.b2b-organizations@1.3.0/public/@types/vtex.b2b-organizations":
  version "1.3.0"
  resolved "http://vtex.vtexassets.com/_v/public/typings/v1/vtex.b2b-organizations@1.3.0/public/@types/vtex.b2b-organizations#06829fe26ef0337b53b352777d836c69c0820ac7"

"vtex.b2b-quotes@http://vtex.vtexassets.com/_v/public/typings/v1/vtex.b2b-quotes@1.0.0/public/@types/vtex.b2b-quotes":
  version "1.0.0"
  resolved "http://vtex.vtexassets.com/_v/public/typings/v1/vtex.b2b-quotes@1.0.0/public/@types/vtex.b2b-quotes#5861190ca84cb661fdcf25d4f30052082ac84868"

"vtex.b2b-suite@http://vtex.vtexassets.com/_v/public/typings/v1/vtex.b2b-suite@0.0.4/public/@types/vtex.b2b-suite":
  version "0.0.4"
  resolved "http://vtex.vtexassets.com/_v/public/typings/v1/vtex.b2b-suite@0.0.4/public/@types/vtex.b2b-suite#1dc0213cbddfad69e9ba9d8418fd755326a280fb"

"vtex.render-runtime@http://vtex.vtexassets.com/_v/public/typings/v1/vtex.render-runtime@8.132.4/public/@types/vtex.render-runtime":
  version "8.132.4"
  resolved "http://vtex.vtexassets.com/_v/public/typings/v1/vtex.render-runtime@8.132.4/public/@types/vtex.render-runtime#66bb41bd4d342e37c9d85172aad5f7eefebfb6dc"

"vtex.store@http://vtex.vtexassets.com/_v/public/typings/v1/vtex.store@2.123.1/public/@types/vtex.store":
  version "2.123.1"
  resolved "http://vtex.vtexassets.com/_v/public/typings/v1/vtex.store@2.123.1/public/@types/vtex.store#421918405a26efef1dd207e1268ace543ffb0f66"

"vtex.storefront-permissions-ui@http://vtex.vtexassets.com/_v/public/typings/v1/vtex.storefront-permissions-ui@1.0.0/public/@types/vtex.storefront-permissions-ui":
  version "1.0.0"
  resolved "http://vtex.vtexassets.com/_v/public/typings/v1/vtex.storefront-permissions-ui@1.0.0/public/@types/vtex.storefront-permissions-ui#75400ac78aa0ee8343431929e6e92f220bcb5e54"
